version: 1.0
shards:
  amber:
    github: amberframework/amber
    version: 0.11.3

  amber_router:
    github: amberframework/amber-router
    version: 0.2.1

  callback:
    github: mosop/callback
    version: 0.6.3

  citrine-i18n:
    github: amberframework/citrine-i18n
    version: 0.3.2

  cli:
    github: mosop/cli
    version: 0.7.0

  compiled_license:
    github: elorest/compiled_license
    version: 0.1.3

  db:
    github: crystal-lang/crystal-db
    version: 0.5.1

  email:
    github: arcage/crystal-email
    version: 0.3.3

  exception_page:
    github: crystal-loot/exception_page
    version: 0.1.2

  garnet_spec:
    github: amberframework/garnet-spec
    version: 0.2.1

  granite:
    github: amberframework/granite
    version: 0.15.2

  i18n:
    github: TechMagister/i18n.cr
    version: 0.2.0

  inflector:
    github: phoffer/inflector.cr
    version: 0.1.8

  jasper_helpers:
    github: amberframework/jasper-helpers
    version: 0.2.4

  kilt:
    github: jeromegn/kilt
    version: 0.4.0

  liquid:
    github: TechMagister/liquid.cr
    version: 0.3.0

  micrate:
    github: amberframework/micrate
    version: 0.3.3

  mysql:
    github: crystal-lang/crystal-mysql
    version: 0.5.1

  optarg:
    github: mosop/optarg
    version: 0.5.8

  pg:
    github: will/crystal-pg
    version: 0.15.0

  pool:
    github: ysbaddaden/pool
    version: 0.2.3

  quartz_mailer:
    github: amberframework/quartz-mailer
    version: 0.5.3

  redis:
    github: stefanwille/crystal-redis
    version: 2.0.0

  selenium:
    github: ysbaddaden/selenium-webdriver-crystal
    version: 0.4.0

  shell-table:
    github: luckyframework/shell-table.cr
    commit: 078a04ea58ead5203bb435a3b5fff448ddabaeea

  slang:
    github: jeromegn/slang
    version: 1.7.1

  sqlite3:
    github: crystal-lang/crystal-sqlite3
    version: 0.10.0

  string_inflection:
    github: mosop/string_inflection
    version: 0.2.1

  teeplate:
    github: mosop/teeplate
    version: 0.7.0

